
Microsoft Visual Studio Solution File, Format Version 11.00
# Visual Studio 2010
Project("{FAE04EC0-301F-11D3-BF4B-00C04F79EFBC}") = "Semantic Triangle", "Semantic Triangle\Semantic Triangle.csproj", "{EE93C1CF-2F45-4E3A-8795-AF7102406F7B}"
EndProject
Global
	GlobalSection(SolutionConfigurationPlatforms) = preSolution
		Debug|x86 = Debug|x86
		Release|x86 = Release|x86
	EndGlobalSection
	GlobalSection(ProjectConfigurationPlatforms) = postSolution
		{EE93C1CF-2F45-4E3A-8795-AF7102406F7B}.Debug|x86.ActiveCfg = Debug|x86
		{EE93C1CF-2F45-4E3A-8795-AF7102406F7B}.Debug|x86.Build.0 = Debug|x86
		{EE93C1CF-2F45-4E3A-8795-AF7102406F7B}.Release|x86.ActiveCfg = Release|x86
		{EE93C1CF-2F45-4E3A-8795-AF7102406F7B}.Release|x86.Build.0 = Release|x86
	EndGlobalSection
	GlobalSection(SolutionProperties) = preSolution
		HideSolutionNode = FALSE
	EndGlobalSection
EndGlobal
